// !$*UTF8*$!
{
	archiveVersion = 1;
	classes = {
	};
	objectVersion = 77;
	objects = {

/* Begin PBXBuildFile section */
		6516ACB92D96A2CE0009F941 /* TotalsView.swift in Sources */ = {isa = PBXBuildFile; fileRef = 6516ACB82D96A2CE0009F941 /* TotalsView.swift */; };
		6516ACBB2D96A2FA0009F941 /* MonthlyTotalsView.swift in Sources */ = {isa = PBXBuildFile; fileRef = 6516ACBA2D96A2FA0009F941 /* MonthlyTotalsView.swift */; };
		657F26D32D95FC7E00561A4F /* WorkingHours.swift in Sources */ = {isa = PBXBuildFile; fileRef = 657F26D22D95FC7E00561A4F /* WorkingHours.swift */; };
		657F26D92D95FF0A00561A4F /* HoursView.swift in Sources */ = {isa = PBXBuildFile; fileRef = 657F26D82D95FF0A00561A4F /* HoursView.swift */; };
		657F26DB2D96069700561A4F /* Colors.swift in Sources */ = {isa = PBXBuildFile; fileRef = 657F26DA2D96069700561A4F /* Colors.swift */; };
		65887AF52D95F15300C39868 /* DateExtensions.swift in Sources */ = {isa = PBXBuildFile; fileRef = 65887AF42D95F15300C39868 /* DateExtensions.swift */; };
/* End PBXBuildFile section */

/* Begin PBXContainerItemProxy section */
		65887AD42D95EE4F00C39868 /* PBXContainerItemProxy */ = {
			isa = PBXContainerItemProxy;
			containerPortal = 65887AB62D95EE4D00C39868 /* Project object */;
			proxyType = 1;
			remoteGlobalIDString = 65887ABD2D95EE4D00C39868;
			remoteInfo = Informes;
		};
		65887ADE2D95EE4F00C39868 /* PBXContainerItemProxy */ = {
			isa = PBXContainerItemProxy;
			containerPortal = 65887AB62D95EE4D00C39868 /* Project object */;
			proxyType = 1;
			remoteGlobalIDString = 65887ABD2D95EE4D00C39868;
			remoteInfo = Informes;
		};
/* End PBXContainerItemProxy section */

/* Begin PBXFileReference section */
		6516ACB82D96A2CE0009F941 /* TotalsView.swift */ = {isa = PBXFileReference; lastKnownFileType = sourcecode.swift; path = TotalsView.swift; sourceTree = "<group>"; };
		6516ACBA2D96A2FA0009F941 /* MonthlyTotalsView.swift */ = {isa = PBXFileReference; lastKnownFileType = sourcecode.swift; path = MonthlyTotalsView.swift; sourceTree = "<group>"; };
		657F26D22D95FC7E00561A4F /* WorkingHours.swift */ = {isa = PBXFileReference; lastKnownFileType = sourcecode.swift; path = WorkingHours.swift; sourceTree = "<group>"; };
		657F26D82D95FF0A00561A4F /* HoursView.swift */ = {isa = PBXFileReference; lastKnownFileType = sourcecode.swift; path = HoursView.swift; sourceTree = "<group>"; };
		657F26DA2D96069700561A4F /* Colors.swift */ = {isa = PBXFileReference; lastKnownFileType = sourcecode.swift; path = Colors.swift; sourceTree = "<group>"; };
		65887ABE2D95EE4D00C39868 /* Informes.app */ = {isa = PBXFileReference; explicitFileType = wrapper.application; includeInIndex = 0; path = Informes.app; sourceTree = BUILT_PRODUCTS_DIR; };
		65887AD32D95EE4F00C39868 /* InformesTests.xctest */ = {isa = PBXFileReference; explicitFileType = wrapper.cfbundle; includeInIndex = 0; path = InformesTests.xctest; sourceTree = BUILT_PRODUCTS_DIR; };
		65887ADD2D95EE4F00C39868 /* InformesUITests.xctest */ = {isa = PBXFileReference; explicitFileType = wrapper.cfbundle; includeInIndex = 0; path = InformesUITests.xctest; sourceTree = BUILT_PRODUCTS_DIR; };
		65887AF42D95F15300C39868 /* DateExtensions.swift */ = {isa = PBXFileReference; lastKnownFileType = sourcecode.swift; path = DateExtensions.swift; sourceTree = "<group>"; };
/* End PBXFileReference section */

/* Begin PBXFileSystemSynchronizedRootGroup section */
		65887AC02D95EE4D00C39868 /* Informes */ = {
			isa = PBXFileSystemSynchronizedRootGroup;
			path = Informes;
			sourceTree = "<group>";
		};
		65887AD62D95EE4F00C39868 /* InformesTests */ = {
			isa = PBXFileSystemSynchronizedRootGroup;
			path = InformesTests;
			sourceTree = "<group>";
		};
		65887AE02D95EE4F00C39868 /* InformesUITests */ = {
			isa = PBXFileSystemSynchronizedRootGroup;
			path = InformesUITests;
			sourceTree = "<group>";
		};
/* End PBXFileSystemSynchronizedRootGroup section */

/* Begin PBXFrameworksBuildPhase section */
		65887ABB2D95EE4D00C39868 /* Frameworks */ = {
			isa = PBXFrameworksBuildPhase;
			buildActionMask = 2147483647;
			files = (
			);
			runOnlyForDeploymentPostprocessing = 0;
		};
		65887AD02D95EE4F00C39868 /* Frameworks */ = {
			isa = PBXFrameworksBuildPhase;
			buildActionMask = 2147483647;
			files = (
			);
			runOnlyForDeploymentPostprocessing = 0;
		};
		65887ADA2D95EE4F00C39868 /* Frameworks */ = {
			isa = PBXFrameworksBuildPhase;
			buildActionMask = 2147483647;
			files = (
			);
			runOnlyForDeploymentPostprocessing = 0;
		};
/* End PBXFrameworksBuildPhase section */

/* Begin PBXGroup section */
		65887AB52D95EE4D00C39868 = {
			isa = PBXGroup;
			children = (
				6516ACBA2D96A2FA0009F941 /* MonthlyTotalsView.swift */,
				6516ACB82D96A2CE0009F941 /* TotalsView.swift */,
				657F26DA2D96069700561A4F /* Colors.swift */,
				657F26D82D95FF0A00561A4F /* HoursView.swift */,
				657F26D22D95FC7E00561A4F /* WorkingHours.swift */,
				65887AF42D95F15300C39868 /* DateExtensions.swift */,
				65887AC02D95EE4D00C39868 /* Informes */,
				65887AD62D95EE4F00C39868 /* InformesTests */,
				65887AE02D95EE4F00C39868 /* InformesUITests */,
				65887ABF2D95EE4D00C39868 /* Products */,
			);
			sourceTree = "<group>";
		};
		65887ABF2D95EE4D00C39868 /* Products */ = {
			isa = PBXGroup;
			children = (
				65887ABE2D95EE4D00C39868 /* Informes.app */,
				65887AD32D95EE4F00C39868 /* InformesTests.xctest */,
				65887ADD2D95EE4F00C39868 /* InformesUITests.xctest */,
			);
			name = Products;
			sourceTree = "<group>";
		};
/* End PBXGroup section */

/* Begin PBXNativeTarget section */
		65887ABD2D95EE4D00C39868 /* Informes */ = {
			isa = PBXNativeTarget;
			buildConfigurationList = 65887AE72D95EE4F00C39868 /* Build configuration list for PBXNativeTarget "Informes" */;
			buildPhases = (
				65887ABA2D95EE4D00C39868 /* Sources */,
				65887ABB2D95EE4D00C39868 /* Frameworks */,
				65887ABC2D95EE4D00C39868 /* Resources */,
			);
			buildRules = (
			);
			dependencies = (
			);
			fileSystemSynchronizedGroups = (
				65887AC02D95EE4D00C39868 /* Informes */,
			);
			name = Informes;
			packageProductDependencies = (
			);
			productName = Informes;
			productReference = 65887ABE2D95EE4D00C39868 /* Informes.app */;
			productType = "com.apple.product-type.application";
		};
		65887AD22D95EE4F00C39868 /* InformesTests */ = {
			isa = PBXNativeTarget;
			buildConfigurationList = 65887AEA2D95EE4F00C39868 /* Build configuration list for PBXNativeTarget "InformesTests" */;
			buildPhases = (
				65887ACF2D95EE4F00C39868 /* Sources */,
				65887AD02D95EE4F00C39868 /* Frameworks */,
				65887AD12D95EE4F00C39868 /* Resources */,
			);
			buildRules = (
			);
			dependencies = (
				65887AD52D95EE4F00C39868 /* PBXTargetDependency */,
			);
			fileSystemSynchronizedGroups = (
				65887AD62D95EE4F00C39868 /* InformesTests */,
			);
			name = InformesTests;
			packageProductDependencies = (
			);
			productName = InformesTests;
			productReference = 65887AD32D95EE4F00C39868 /* InformesTests.xctest */;
			productType = "com.apple.product-type.bundle.unit-test";
		};
		65887ADC2D95EE4F00C39868 /* InformesUITests */ = {
			isa = PBXNativeTarget;
			buildConfigurationList = 65887AED2D95EE4F00C39868 /* Build configuration list for PBXNativeTarget "InformesUITests" */;
			buildPhases = (
				65887AD92D95EE4F00C39868 /* Sources */,
				65887ADA2D95EE4F00C39868 /* Frameworks */,
				65887ADB2D95EE4F00C39868 /* Resources */,
			);
			buildRules = (
			);
			dependencies = (
				65887ADF2D95EE4F00C39868 /* PBXTargetDependency */,
			);
			fileSystemSynchronizedGroups = (
				65887AE02D95EE4F00C39868 /* InformesUITests */,
			);
			name = InformesUITests;
			packageProductDependencies = (
			);
			productName = InformesUITests;
			productReference = 65887ADD2D95EE4F00C39868 /* InformesUITests.xctest */;
			productType = "com.apple.product-type.bundle.ui-testing";
		};
/* End PBXNativeTarget section */

/* Begin PBXProject section */
		65887AB62D95EE4D00C39868 /* Project object */ = {
			isa = PBXProject;
			attributes = {
				BuildIndependentTargetsInParallel = 1;
				LastSwiftUpdateCheck = 1620;
				LastUpgradeCheck = 1620;
				TargetAttributes = {
					65887ABD2D95EE4D00C39868 = {
						CreatedOnToolsVersion = 16.2;
					};
					65887AD22D95EE4F00C39868 = {
						CreatedOnToolsVersion = 16.2;
						TestTargetID = 65887ABD2D95EE4D00C39868;
					};
					65887ADC2D95EE4F00C39868 = {
						CreatedOnToolsVersion = 16.2;
						TestTargetID = 65887ABD2D95EE4D00C39868;
					};
				};
			};
			buildConfigurationList = 65887AB92D95EE4D00C39868 /* Build configuration list for PBXProject "Informes" */;
			developmentRegion = en;
			hasScannedForEncodings = 0;
			knownRegions = (
				en,
				Base,
			);
			mainGroup = 65887AB52D95EE4D00C39868;
			minimizedProjectReferenceProxies = 1;
			preferredProjectObjectVersion = 77;
			productRefGroup = 65887ABF2D95EE4D00C39868 /* Products */;
			projectDirPath = "";
			projectRoot = "";
			targets = (
				65887ABD2D95EE4D00C39868 /* Informes */,
				65887AD22D95EE4F00C39868 /* InformesTests */,
				65887ADC2D95EE4F00C39868 /* InformesUITests */,
			);
		};
/* End PBXProject section */

/* Begin PBXResourcesBuildPhase section */
		65887ABC2D95EE4D00C39868 /* Resources */ = {
			isa = PBXResourcesBuildPhase;
			buildActionMask = 2147483647;
			files = (
			);
			runOnlyForDeploymentPostprocessing = 0;
		};
		65887AD12D95EE4F00C39868 /* Resources */ = {
			isa = PBXResourcesBuildPhase;
			buildActionMask = 2147483647;
			files = (
			);
			runOnlyForDeploymentPostprocessing = 0;
		};
		65887ADB2D95EE4F00C39868 /* Resources */ = {
			isa = PBXResourcesBuildPhase;
			buildActionMask = 2147483647;
			files = (
			);
			runOnlyForDeploymentPostprocessing = 0;
		};
/* End PBXResourcesBuildPhase section */

/* Begin PBXSourcesBuildPhase section */
		65887ABA2D95EE4D00C39868 /* Sources */ = {
			isa = PBXSourcesBuildPhase;
			buildActionMask = 2147483647;
			files = (
				6516ACBB2D96A2FA0009F941 /* MonthlyTotalsView.swift in Sources */,
				6516ACB92D96A2CE0009F941 /* TotalsView.swift in Sources */,
				65887AF52D95F15300C39868 /* DateExtensions.swift in Sources */,
				657F26DB2D96069700561A4F /* Colors.swift in Sources */,
				657F26D92D95FF0A00561A4F /* HoursView.swift in Sources */,
				657F26D32D95FC7E00561A4F /* WorkingHours.swift in Sources */,
			);
			runOnlyForDeploymentPostprocessing = 0;
		};
		65887ACF2D95EE4F00C39868 /* Sources */ = {
			isa = PBXSourcesBuildPhase;
			buildActionMask = 2147483647;
			files = (
			);
			runOnlyForDeploymentPostprocessing = 0;
		};
		65887AD92D95EE4F00C39868 /* Sources */ = {
			isa = PBXSourcesBuildPhase;
			buildActionMask = 2147483647;
			files = (
			);
			runOnlyForDeploymentPostprocessing = 0;
		};
/* End PBXSourcesBuildPhase section */

/* Begin PBXTargetDependency section */
		65887AD52D95EE4F00C39868 /* PBXTargetDependency */ = {
			isa = PBXTargetDependency;
			target = 65887ABD2D95EE4D00C39868 /* Informes */;
			targetProxy = 65887AD42D95EE4F00C39868 /* PBXContainerItemProxy */;
		};
		65887ADF2D95EE4F00C39868 /* PBXTargetDependency */ = {
			isa = PBXTargetDependency;
			target = 65887ABD2D95EE4D00C39868 /* Informes */;
			targetProxy = 65887ADE2D95EE4F00C39868 /* PBXContainerItemProxy */;
		};
/* End PBXTargetDependency section */

/* Begin XCBuildConfiguration section */
		65887AE52D95EE4F00C39868 /* Debug */ = {
			isa = XCBuildConfiguration;
			buildSettings = {
				ALWAYS_SEARCH_USER_PATHS = NO;
				ASSETCATALOG_COMPILER_GENERATE_SWIFT_ASSET_SYMBOL_EXTENSIONS = YES;
				CLANG_ANALYZER_NONNULL = YES;
				CLANG_ANALYZER_NUMBER_OBJECT_CONVERSION = YES_AGGRESSIVE;
				CLANG_CXX_LANGUAGE_STANDARD = "gnu++20";
				CLANG_ENABLE_MODULES = YES;
				CLANG_ENABLE_OBJC_ARC = YES;
				CLANG_ENABLE_OBJC_WEAK = YES;
				CLANG_WARN_BLOCK_CAPTURE_AUTORELEASING = YES;
				CLANG_WARN_BOOL_CONVERSION = YES;
				CLANG_WARN_COMMA = YES;
				CLANG_WARN_CONSTANT_CONVERSION = YES;
				CLANG_WARN_DEPRECATED_OBJC_IMPLEMENTATIONS = YES;
				CLANG_WARN_DIRECT_OBJC_ISA_USAGE = YES_ERROR;
				CLANG_WARN_DOCUMENTATION_COMMENTS = YES;
				CLANG_WARN_EMPTY_BODY = YES;
				CLANG_WARN_ENUM_CONVERSION = YES;
				CLANG_WARN_INFINITE_RECURSION = YES;
				CLANG_WARN_INT_CONVERSION = YES;
				CLANG_WARN_NON_LITERAL_NULL_CONVERSION = YES;
				CLANG_WARN_OBJC_IMPLICIT_RETAIN_SELF = YES;
				CLANG_WARN_OBJC_LITERAL_CONVERSION = YES;
				CLANG_WARN_OBJC_ROOT_CLASS = YES_ERROR;
				CLANG_WARN_QUOTED_INCLUDE_IN_FRAMEWORK_HEADER = YES;
				CLANG_WARN_RANGE_LOOP_ANALYSIS = YES;
				CLANG_WARN_STRICT_PROTOTYPES = YES;
				CLANG_WARN_SUSPICIOUS_MOVE = YES;
				CLANG_WARN_UNGUARDED_AVAILABILITY = YES_AGGRESSIVE;
				CLANG_WARN_UNREACHABLE_CODE = YES;
				CLANG_WARN__DUPLICATE_METHOD_MATCH = YES;
				COPY_PHASE_STRIP = NO;
				DEBUG_INFORMATION_FORMAT = dwarf;
				ENABLE_STRICT_OBJC_MSGSEND = YES;
				ENABLE_TESTABILITY = YES;
				ENABLE_USER_SCRIPT_SANDBOXING = YES;
				GCC_C_LANGUAGE_STANDARD = gnu17;
				GCC_DYNAMIC_NO_PIC = NO;
				GCC_NO_COMMON_BLOCKS = YES;
				GCC_OPTIMIZATION_LEVEL = 0;
				GCC_PREPROCESSOR_DEFINITIONS = (
					"DEBUG=1",
					"$(inherited)",
				);
				GCC_WARN_64_TO_32_BIT_CONVERSION = YES;
				GCC_WARN_ABOUT_RETURN_TYPE = YES_ERROR;
				GCC_WARN_UNDECLARED_SELECTOR = YES;
				GCC_WARN_UNINITIALIZED_AUTOS = YES_AGGRESSIVE;
				GCC_WARN_UNUSED_FUNCTION = YES;
				GCC_WARN_UNUSED_VARIABLE = YES;
				IPHONEOS_DEPLOYMENT_TARGET = 18.2;
				LOCALIZATION_PREFERS_STRING_CATALOGS = YES;
				MTL_ENABLE_DEBUG_INFO = INCLUDE_SOURCE;
				MTL_FAST_MATH = YES;
				ONLY_ACTIVE_ARCH = YES;
				SDKROOT = iphoneos;
				SWIFT_ACTIVE_COMPILATION_CONDITIONS = "DEBUG $(inherited)";
				SWIFT_OPTIMIZATION_LEVEL = "-Onone";
			};
			name = Debug;
		};
		65887AE62D95EE4F00C39868 /* Release */ = {
			isa = XCBuildConfiguration;
			buildSettings = {
				ALWAYS_SEARCH_USER_PATHS = NO;
				ASSETCATALOG_COMPILER_GENERATE_SWIFT_ASSET_SYMBOL_EXTENSIONS = YES;
				CLANG_ANALYZER_NONNULL = YES;
				CLANG_ANALYZER_NUMBER_OBJECT_CONVERSION = YES_AGGRESSIVE;
				CLANG_CXX_LANGUAGE_STANDARD = "gnu++20";
				CLANG_ENABLE_MODULES = YES;
				CLANG_ENABLE_OBJC_ARC = YES;
				CLANG_ENABLE_OBJC_WEAK = YES;
				CLANG_WARN_BLOCK_CAPTURE_AUTORELEASING = YES;
				CLANG_WARN_BOOL_CONVERSION = YES;
				CLANG_WARN_COMMA = YES;
				CLANG_WARN_CONSTANT_CONVERSION = YES;
				CLANG_WARN_DEPRECATED_OBJC_IMPLEMENTATIONS = YES;
				CLANG_WARN_DIRECT_OBJC_ISA_USAGE = YES_ERROR;
				CLANG_WARN_DOCUMENTATION_COMMENTS = YES;
				CLANG_WARN_EMPTY_BODY = YES;
				CLANG_WARN_ENUM_CONVERSION = YES;
				CLANG_WARN_INFINITE_RECURSION = YES;
				CLANG_WARN_INT_CONVERSION = YES;
				CLANG_WARN_NON_LITERAL_NULL_CONVERSION = YES;
				CLANG_WARN_OBJC_IMPLICIT_RETAIN_SELF = YES;
				CLANG_WARN_OBJC_LITERAL_CONVERSION = YES;
				CLANG_WARN_OBJC_ROOT_CLASS = YES_ERROR;
				CLANG_WARN_QUOTED_INCLUDE_IN_FRAMEWORK_HEADER = YES;
				CLANG_WARN_RANGE_LOOP_ANALYSIS = YES;
				CLANG_WARN_STRICT_PROTOTYPES = YES;
				CLANG_WARN_SUSPICIOUS_MOVE = YES;
				CLANG_WARN_UNGUARDED_AVAILABILITY = YES_AGGRESSIVE;
				CLANG_WARN_UNREACHABLE_CODE = YES;
				CLANG_WARN__DUPLICATE_METHOD_MATCH = YES;
				COPY_PHASE_STRIP = NO;
				DEBUG_INFORMATION_FORMAT = "dwarf-with-dsym";
				ENABLE_NS_ASSERTIONS = NO;
				ENABLE_STRICT_OBJC_MSGSEND = YES;
				ENABLE_USER_SCRIPT_SANDBOXING = YES;
				GCC_C_LANGUAGE_STANDARD = gnu17;
				GCC_NO_COMMON_BLOCKS = YES;
				GCC_WARN_64_TO_32_BIT_CONVERSION = YES;
				GCC_WARN_ABOUT_RETURN_TYPE = YES_ERROR;
				GCC_WARN_UNDECLARED_SELECTOR = YES;
				GCC_WARN_UNINITIALIZED_AUTOS = YES_AGGRESSIVE;
				GCC_WARN_UNUSED_FUNCTION = YES;
				GCC_WARN_UNUSED_VARIABLE = YES;
				IPHONEOS_DEPLOYMENT_TARGET = 18.2;
				LOCALIZATION_PREFERS_STRING_CATALOGS = YES;
				MTL_ENABLE_DEBUG_INFO = NO;
				MTL_FAST_MATH = YES;
				SDKROOT = iphoneos;
				SWIFT_COMPILATION_MODE = wholemodule;
				VALIDATE_PRODUCT = YES;
			};
			name = Release;
		};
		65887AE82D95EE4F00C39868 /* Debug */ = {
			isa = XCBuildConfiguration;
			buildSettings = {
				ASSETCATALOG_COMPILER_APPICON_NAME = AppIcon;
				ASSETCATALOG_COMPILER_GLOBAL_ACCENT_COLOR_NAME = AccentColor;
				CODE_SIGN_STYLE = Automatic;
				CURRENT_PROJECT_VERSION = 1;
				DEVELOPMENT_ASSET_PATHS = "\"Informes/Preview Content\"";
				DEVELOPMENT_TEAM = W973V2TPNU;
				ENABLE_PREVIEWS = YES;
				GENERATE_INFOPLIST_FILE = YES;
				INFOPLIST_KEY_UIApplicationSceneManifest_Generation = YES;
				INFOPLIST_KEY_UIApplicationSupportsIndirectInputEvents = YES;
				INFOPLIST_KEY_UILaunchScreen_Generation = YES;
				INFOPLIST_KEY_UISupportedInterfaceOrientations_iPad = "UIInterfaceOrientationPortrait UIInterfaceOrientationPortraitUpsideDown UIInterfaceOrientationLandscapeLeft UIInterfaceOrientationLandscapeRight";
				INFOPLIST_KEY_UISupportedInterfaceOrientations_iPhone = "UIInterfaceOrientationPortrait UIInterfaceOrientationLandscapeLeft UIInterfaceOrientationLandscapeRight";
				LD_RUNPATH_SEARCH_PATHS = (
					"$(inherited)",
					"@executable_path/Frameworks",
				);
				MARKETING_VERSION = 1.0;
				PRODUCT_BUNDLE_IDENTIFIER = com.suzumes.informatic.Informes;
				PRODUCT_NAME = "$(TARGET_NAME)";
				SWIFT_EMIT_LOC_STRINGS = YES;
				SWIFT_VERSION = 5.0;
				TARGETED_DEVICE_FAMILY = "1,2";
			};
			name = Debug;
		};
		65887AE92D95EE4F00C39868 /* Release */ = {
			isa = XCBuildConfiguration;
			buildSettings = {
				ASSETCATALOG_COMPILER_APPICON_NAME = AppIcon;
				ASSETCATALOG_COMPILER_GLOBAL_ACCENT_COLOR_NAME = AccentColor;
				CODE_SIGN_STYLE = Automatic;
				CURRENT_PROJECT_VERSION = 1;
				DEVELOPMENT_ASSET_PATHS = "\"Informes/Preview Content\"";
				DEVELOPMENT_TEAM = W973V2TPNU;
				ENABLE_PREVIEWS = YES;
				GENERATE_INFOPLIST_FILE = YES;
				INFOPLIST_KEY_UIApplicationSceneManifest_Generation = YES;
				INFOPLIST_KEY_UIApplicationSupportsIndirectInputEvents = YES;
				INFOPLIST_KEY_UILaunchScreen_Generation = YES;
				INFOPLIST_KEY_UISupportedInterfaceOrientations_iPad = "UIInterfaceOrientationPortrait UIInterfaceOrientationPortraitUpsideDown UIInterfaceOrientationLandscapeLeft UIInterfaceOrientationLandscapeRight";
				INFOPLIST_KEY_UISupportedInterfaceOrientations_iPhone = "UIInterfaceOrientationPortrait UIInterfaceOrientationLandscapeLeft UIInterfaceOrientationLandscapeRight";
				LD_RUNPATH_SEARCH_PATHS = (
					"$(inherited)",
					"@executable_path/Frameworks",
				);
				MARKETING_VERSION = 1.0;
				PRODUCT_BUNDLE_IDENTIFIER = com.suzumes.informatic.Informes;
				PRODUCT_NAME = "$(TARGET_NAME)";
				SWIFT_EMIT_LOC_STRINGS = YES;
				SWIFT_VERSION = 5.0;
				TARGETED_DEVICE_FAMILY = "1,2";
			};
			name = Release;
		};
		65887AEB2D95EE4F00C39868 /* Debug */ = {
			isa = XCBuildConfiguration;
			buildSettings = {
				BUNDLE_LOADER = "$(TEST_HOST)";
				CODE_SIGN_STYLE = Automatic;
				CURRENT_PROJECT_VERSION = 1;
				GENERATE_INFOPLIST_FILE = YES;
				IPHONEOS_DEPLOYMENT_TARGET = 18.2;
				MARKETING_VERSION = 1.0;
				PRODUCT_BUNDLE_IDENTIFIER = com.suzumes.informatic.InformesTests;
				PRODUCT_NAME = "$(TARGET_NAME)";
				SWIFT_EMIT_LOC_STRINGS = NO;
				SWIFT_VERSION = 5.0;
				TARGETED_DEVICE_FAMILY = "1,2";
				TEST_HOST = "$(BUILT_PRODUCTS_DIR)/Informes.app/$(BUNDLE_EXECUTABLE_FOLDER_PATH)/Informes";
			};
			name = Debug;
		};
		65887AEC2D95EE4F00C39868 /* Release */ = {
			isa = XCBuildConfiguration;
			buildSettings = {
				BUNDLE_LOADER = "$(TEST_HOST)";
				CODE_SIGN_STYLE = Automatic;
				CURRENT_PROJECT_VERSION = 1;
				GENERATE_INFOPLIST_FILE = YES;
				IPHONEOS_DEPLOYMENT_TARGET = 18.2;
				MARKETING_VERSION = 1.0;
				PRODUCT_BUNDLE_IDENTIFIER = com.suzumes.informatic.InformesTests;
				PRODUCT_NAME = "$(TARGET_NAME)";
				SWIFT_EMIT_LOC_STRINGS = NO;
				SWIFT_VERSION = 5.0;
				TARGETED_DEVICE_FAMILY = "1,2";
				TEST_HOST = "$(BUILT_PRODUCTS_DIR)/Informes.app/$(BUNDLE_EXECUTABLE_FOLDER_PATH)/Informes";
			};
			name = Release;
		};
		65887AEE2D95EE4F00C39868 /* Debug */ = {
			isa = XCBuildConfiguration;
			buildSettings = {
				CODE_SIGN_STYLE = Automatic;
				CURRENT_PROJECT_VERSION = 1;
				GENERATE_INFOPLIST_FILE = YES;
				MARKETING_VERSION = 1.0;
				PRODUCT_BUNDLE_IDENTIFIER = com.suzumes.informatic.InformesUITests;
				PRODUCT_NAME = "$(TARGET_NAME)";
				SWIFT_EMIT_LOC_STRINGS = NO;
				SWIFT_VERSION = 5.0;
				TARGETED_DEVICE_FAMILY = "1,2";
				TEST_TARGET_NAME = Informes;
			};
			name = Debug;
		};
		65887AEF2D95EE4F00C39868 /* Release */ = {
			isa = XCBuildConfiguration;
			buildSettings = {
				CODE_SIGN_STYLE = Automatic;
				CURRENT_PROJECT_VERSION = 1;
				GENERATE_INFOPLIST_FILE = YES;
				MARKETING_VERSION = 1.0;
				PRODUCT_BUNDLE_IDENTIFIER = com.suzumes.informatic.InformesUITests;
				PRODUCT_NAME = "$(TARGET_NAME)";
				SWIFT_EMIT_LOC_STRINGS = NO;
				SWIFT_VERSION = 5.0;
				TARGETED_DEVICE_FAMILY = "1,2";
				TEST_TARGET_NAME = Informes;
			};
			name = Release;
		};
/* End XCBuildConfiguration section */

/* Begin XCConfigurationList section */
		65887AB92D95EE4D00C39868 /* Build configuration list for PBXProject "Informes" */ = {
			isa = XCConfigurationList;
			buildConfigurations = (
				65887AE52D95EE4F00C39868 /* Debug */,
				65887AE62D95EE4F00C39868 /* Release */,
			);
			defaultConfigurationIsVisible = 0;
			defaultConfigurationName = Release;
		};
		65887AE72D95EE4F00C39868 /* Build configuration list for PBXNativeTarget "Informes" */ = {
			isa = XCConfigurationList;
			buildConfigurations = (
				65887AE82D95EE4F00C39868 /* Debug */,
				65887AE92D95EE4F00C39868 /* Release */,
			);
			defaultConfigurationIsVisible = 0;
			defaultConfigurationName = Release;
		};
		65887AEA2D95EE4F00C39868 /* Build configuration list for PBXNativeTarget "InformesTests" */ = {
			isa = XCConfigurationList;
			buildConfigurations = (
				65887AEB2D95EE4F00C39868 /* Debug */,
				65887AEC2D95EE4F00C39868 /* Release */,
			);
			defaultConfigurationIsVisible = 0;
			defaultConfigurationName = Release;
		};
		65887AED2D95EE4F00C39868 /* Build configuration list for PBXNativeTarget "InformesUITests" */ = {
			isa = XCConfigurationList;
			buildConfigurations = (
				65887AEE2D95EE4F00C39868 /* Debug */,
				65887AEF2D95EE4F00C39868 /* Release */,
			);
			defaultConfigurationIsVisible = 0;
			defaultConfigurationName = Release;
		};
/* End XCConfigurationList section */
	};
	rootObject = 65887AB62D95EE4D00C39868 /* Project object */;
}
